
Microsoft Visual Studio Solution File, Format Version 12.00
# Visual Studio Version 16
VisualStudioVersion = 16.0.31205.134
MinimumVisualStudioVersion = 10.0.40219.1
Project("{8BC9CEB8-8B4A-11D0-8D11-00A0C91BC942}") = "Project1", "Project1.vcxproj", "{DFC27454-AFF2-442C-904E-2A28B9F9AA3F}"
EndProject
Global
	GlobalSection(SolutionConfigurationPlatforms) = preSolution
		Debug|x64 = Debug|x64
		Debug|x86 = Debug|x86
		Release|x64 = Release|x64
		Release|x86 = Release|x86
	EndGlobalSection
	GlobalSection(ProjectConfigurationPlatforms) = postSolution
		{DFC27454-AFF2-442C-904E-2A28B9F9AA3F}.Debug|x64.ActiveCfg = Debug|x64
		{DFC27454-AFF2-442C-904E-2A28B9F9AA3F}.Debug|x64.Build.0 = Debug|x64
		{DFC27454-AFF2-442C-904E-2A28B9F9AA3F}.Debug|x86.ActiveCfg = Debug|Win32
		{DFC27454-AFF2-442C-904E-2A28B9F9AA3F}.Debug|x86.Build.0 = Debug|Win32
		{DFC27454-AFF2-442C-904E-2A28B9F9AA3F}.Release|x64.ActiveCfg = Release|x64
		{DFC27454-AFF2-442C-904E-2A28B9F9AA3F}.Release|x64.Build.0 = Release|x64
		{DFC27454-AFF2-442C-904E-2A28B9F9AA3F}.Release|x86.ActiveCfg = Release|Win32
		{DFC27454-AFF2-442C-904E-2A28B9F9AA3F}.Release|x86.Build.0 = Release|Win32
	EndGlobalSection
	GlobalSection(SolutionProperties) = preSolution
		HideSolutionNode = FALSE
	EndGlobalSection
	GlobalSection(ExtensibilityGlobals) = postSolution
		SolutionGuid = {4AA7593C-53F9-41B3-837F-D45F523110D4}
	EndGlobalSection
EndGlobal
