
Microsoft Visual Studio Solution File, Format Version 12.00
# Visual Studio Version 16
Project("{8BC9CEB8-8B4A-11D0-8D11-00A0C91BC942}") = "ALL_BUILD", "ALL_BUILD.vcxproj", "{78EDF95B-F22F-3AE8-A1B8-966A78C2D983}"
	ProjectSection(ProjectDependencies) = postProject
		{E21324E7-75EB-3271-8BE1-FCD718FE254C} = {E21324E7-75EB-3271-8BE1-FCD718FE254C}
		{D0B820DC-0BF9-3A0F-A6CF-AA439D90B0D3} = {D0B820DC-0BF9-3A0F-A6CF-AA439D90B0D3}
	EndProjectSection
EndProject
Project("{8BC9CEB8-8B4A-11D0-8D11-00A0C91BC942}") = "SSGifier", "SSGifier.vcxproj", "{E21324E7-75EB-3271-8BE1-FCD718FE254C}"
	ProjectSection(ProjectDependencies) = postProject
		{D0B820DC-0BF9-3A0F-A6CF-AA439D90B0D3} = {D0B820DC-0BF9-3A0F-A6CF-AA439D90B0D3}
	EndProjectSection
EndProject
Project("{8BC9CEB8-8B4A-11D0-8D11-00A0C91BC942}") = "ZERO_CHECK", "ZERO_CHECK.vcxproj", "{D0B820DC-0BF9-3A0F-A6CF-AA439D90B0D3}"
	ProjectSection(ProjectDependencies) = postProject
	EndProjectSection
EndProject
Global
	GlobalSection(SolutionConfigurationPlatforms) = preSolution
		Debug|x64 = Debug|x64
		Release|x64 = Release|x64
		MinSizeRel|x64 = MinSizeRel|x64
		RelWithDebInfo|x64 = RelWithDebInfo|x64
	EndGlobalSection
	GlobalSection(ProjectConfigurationPlatforms) = postSolution
		{78EDF95B-F22F-3AE8-A1B8-966A78C2D983}.Debug|x64.ActiveCfg = Debug|x64
		{78EDF95B-F22F-3AE8-A1B8-966A78C2D983}.Release|x64.ActiveCfg = Release|x64
		{78EDF95B-F22F-3AE8-A1B8-966A78C2D983}.MinSizeRel|x64.ActiveCfg = MinSizeRel|x64
		{78EDF95B-F22F-3AE8-A1B8-966A78C2D983}.RelWithDebInfo|x64.ActiveCfg = RelWithDebInfo|x64
		{E21324E7-75EB-3271-8BE1-FCD718FE254C}.Debug|x64.ActiveCfg = Debug|x64
		{E21324E7-75EB-3271-8BE1-FCD718FE254C}.Debug|x64.Build.0 = Debug|x64
		{E21324E7-75EB-3271-8BE1-FCD718FE254C}.Release|x64.ActiveCfg = Release|x64
		{E21324E7-75EB-3271-8BE1-FCD718FE254C}.Release|x64.Build.0 = Release|x64
		{E21324E7-75EB-3271-8BE1-FCD718FE254C}.MinSizeRel|x64.ActiveCfg = MinSizeRel|x64
		{E21324E7-75EB-3271-8BE1-FCD718FE254C}.MinSizeRel|x64.Build.0 = MinSizeRel|x64
		{E21324E7-75EB-3271-8BE1-FCD718FE254C}.RelWithDebInfo|x64.ActiveCfg = RelWithDebInfo|x64
		{E21324E7-75EB-3271-8BE1-FCD718FE254C}.RelWithDebInfo|x64.Build.0 = RelWithDebInfo|x64
		{D0B820DC-0BF9-3A0F-A6CF-AA439D90B0D3}.Debug|x64.ActiveCfg = Debug|x64
		{D0B820DC-0BF9-3A0F-A6CF-AA439D90B0D3}.Debug|x64.Build.0 = Debug|x64
		{D0B820DC-0BF9-3A0F-A6CF-AA439D90B0D3}.Release|x64.ActiveCfg = Release|x64
		{D0B820DC-0BF9-3A0F-A6CF-AA439D90B0D3}.Release|x64.Build.0 = Release|x64
		{D0B820DC-0BF9-3A0F-A6CF-AA439D90B0D3}.MinSizeRel|x64.ActiveCfg = MinSizeRel|x64
		{D0B820DC-0BF9-3A0F-A6CF-AA439D90B0D3}.MinSizeRel|x64.Build.0 = MinSizeRel|x64
		{D0B820DC-0BF9-3A0F-A6CF-AA439D90B0D3}.RelWithDebInfo|x64.ActiveCfg = RelWithDebInfo|x64
		{D0B820DC-0BF9-3A0F-A6CF-AA439D90B0D3}.RelWithDebInfo|x64.Build.0 = RelWithDebInfo|x64
	EndGlobalSection
	GlobalSection(ExtensibilityGlobals) = postSolution
		SolutionGuid = {A4884954-F0AB-30C4-9EE9-30C68A834896}
	EndGlobalSection
	GlobalSection(ExtensibilityAddIns) = postSolution
	EndGlobalSection
EndGlobal
